// !$*UTF8*$!
{
	archiveVersion = 1;
	classes = {
	};
	objectVersion = 50;
	objects = {

/* Begin PBXBuildFile section */
		51F979EC238E0AF4001FF9FB /* AppDelegate.swift in Sources */ = {isa = PBXBuildFile; fileRef = 51F979EB238E0AF4001FF9FB /* AppDelegate.swift */; };
		51F979EE238E0AF4001FF9FB /* ViewController.swift in Sources */ = {isa = PBXBuildFile; fileRef = 51F979ED238E0AF4001FF9FB /* ViewController.swift */; };
		51F979F1238E0AF4001FF9FB /* Main.storyboard in Resources */ = {isa = PBXBuildFile; fileRef = 51F979EF238E0AF4001FF9FB /* Main.storyboard */; };
		51F979F3238E0AF6001FF9FB /* Assets.xcassets in Resources */ = {isa = PBXBuildFile; fileRef = 51F979F2238E0AF6001FF9FB /* Assets.xcassets */; };
		51F979F6238E0AF6001FF9FB /* LaunchScreen.storyboard in Resources */ = {isa = PBXBuildFile; fileRef = 51F979F4238E0AF6001FF9FB /* LaunchScreen.storyboard */; };
/* End PBXBuildFile section */

/* Begin PBXFileReference section */
		51F979E8238E0AF4001FF9FB /* QuizPLS Template.app */ = {isa = PBXFileReference; explicitFileType = wrapper.application; includeInIndex = 0; path = "QuizPLS Template.app"; sourceTree = BUILT_PRODUCTS_DIR; };
		51F979EB238E0AF4001FF9FB /* AppDelegate.swift */ = {isa = PBXFileReference; lastKnownFileType = sourcecode.swift; path = AppDelegate.swift; sourceTree = "<group>"; };
		51F979ED238E0AF4001FF9FB /* ViewController.swift */ = {isa = PBXFileReference; lastKnownFileType = sourcecode.swift; path = ViewController.swift; sourceTree = "<group>"; };
		51F979F0238E0AF4001FF9FB /* Base */ = {isa = PBXFileReference; lastKnownFileType = file.storyboard; name = Base; path = Base.lproj/Main.storyboard; sourceTree = "<group>"; };
		51F979F2238E0AF6001FF9FB /* Assets.xcassets */ = {isa = PBXFileReference; lastKnownFileType = folder.assetcatalog; path = Assets.xcassets; sourceTree = "<group>"; };
		51F979F5238E0AF6001FF9FB /* Base */ = {isa = PBXFileReference; lastKnownFileType = file.storyboard; name = Base; path = Base.lproj/LaunchScreen.storyboard; sourceTree = "<group>"; };
		51F979F7238E0AF6001FF9FB /* Info.plist */ = {isa = PBXFileReference; lastKnownFileType = text.plist.xml; path = Info.plist; sourceTree = "<group>"; };
/* End PBXFileReference section */

/* Begin PBXFrameworksBuildPhase section */
		51F979E5238E0AF4001FF9FB /* Frameworks */ = {
			isa = PBXFrameworksBuildPhase;
			buildActionMask = 2147483647;
			files = (
			);
			runOnlyForDeploymentPostprocessing = 0;
		};
/* End PBXFrameworksBuildPhase section */

/* Begin PBXGroup section */
		51F979DF238E0AF4001FF9FB = {
			isa = PBXGroup;
			children = (
				51F979EA238E0AF4001FF9FB /* QuizPLS Template */,
				51F979E9238E0AF4001FF9FB /* Products */,
			);
			sourceTree = "<group>";
		};
		51F979E9238E0AF4001FF9FB /* Products */ = {
			isa = PBXGroup;
			children = (
				51F979E8238E0AF4001FF9FB /* QuizPLS Template.app */,
			);
			name = Products;
			sourceTree = "<group>";
		};
		51F979EA238E0AF4001FF9FB /* QuizPLS Template */ = {
			isa = PBXGroup;
			children = (
				51F979EB238E0AF4001FF9FB /* AppDelegate.swift */,
				51F979ED238E0AF4001FF9FB /* ViewController.swift */,
				51F979EF238E0AF4001FF9FB /* Main.storyboard */,
				51F979F2238E0AF6001FF9FB /* Assets.xcassets */,
				51F979F4238E0AF6001FF9FB /* LaunchScreen.storyboard */,
				51F979F7238E0AF6001FF9FB /* Info.plist */,
			);
			path = "QuizPLS Template";
			sourceTree = "<group>";
		};
/* End PBXGroup section */

/* Begin PBXNativeTarget section */
		51F979E7238E0AF4001FF9FB /* QuizPLS Template */ = {
			isa = PBXNativeTarget;
			buildConfigurationList = 51F979FA238E0AF6001FF9FB /* Build configuration list for PBXNativeTarget "QuizPLS Template" */;
			buildPhases = (
				51F979E4238E0AF4001FF9FB /* Sources */,
				51F979E5238E0AF4001FF9FB /* Frameworks */,
				51F979E6238E0AF4001FF9FB /* Resources */,
			);
			buildRules = (
			);
			dependencies = (
			);
			name = "QuizPLS Template";
			productName = "QuizPLS Template";
			productReference = 51F979E8238E0AF4001FF9FB /* QuizPLS Template.app */;
			productType = "com.apple.product-type.application";
		};
/* End PBXNativeTarget section */

/* Begin PBXProject section */
		51F979E0238E0AF4001FF9FB /* Project object */ = {
			isa = PBXProject;
			attributes = {
				LastSwiftUpdateCheck = 1030;
				LastUpgradeCheck = 1030;
				ORGANIZATIONNAME = Tinkertanker;
				TargetAttributes = {
					51F979E7238E0AF4001FF9FB = {
						CreatedOnToolsVersion = 10.3;
					};
				};
			};
			buildConfigurationList = 51F979E3238E0AF4001FF9FB /* Build configuration list for PBXProject "QuizPLS Template" */;
			compatibilityVersion = "Xcode 9.3";
			developmentRegion = en;
			hasScannedForEncodings = 0;
			knownRegions = (
				en,
				Base,
			);
			mainGroup = 51F979DF238E0AF4001FF9FB;
			productRefGroup = 51F979E9238E0AF4001FF9FB /* Products */;
			projectDirPath = "";
			projectRoot = "";
			targets = (
				51F979E7238E0AF4001FF9FB /* QuizPLS Template */,
			);
		};
/* End PBXProject section */

/* Begin PBXResourcesBuildPhase section */
		51F979E6238E0AF4001FF9FB /* Resources */ = {
			isa = PBXResourcesBuildPhase;
			buildActionMask = 2147483647;
			files = (
				51F979F6238E0AF6001FF9FB /* LaunchScreen.storyboard in Resources */,
				51F979F3238E0AF6001FF9FB /* Assets.xcassets in Resources */,
				51F979F1238E0AF4001FF9FB /* Main.storyboard in Resources */,
			);
			runOnlyForDeploymentPostprocessing = 0;
		};
/* End PBXResourcesBuildPhase section */

/* Begin PBXSourcesBuildPhase section */
		51F979E4238E0AF4001FF9FB /* Sources */ = {
			isa = PBXSourcesBuildPhase;
			buildActionMask = 2147483647;
			files = (
				51F979EE238E0AF4001FF9FB /* ViewController.swift in Sources */,
				51F979EC238E0AF4001FF9FB /* AppDelegate.swift in Sources */,
			);
			runOnlyForDeploymentPostprocessing = 0;
		};
/* End PBXSourcesBuildPhase section */

/* Begin PBXVariantGroup section */
		51F979EF238E0AF4001FF9FB /* Main.storyboard */ = {
			isa = PBXVariantGroup;
			children = (
				51F979F0238E0AF4001FF9FB /* Base */,
			);
			name = Main.storyboard;
			sourceTree = "<group>";
		};
		51F979F4238E0AF6001FF9FB /* LaunchScreen.storyboard */ = {
			isa = PBXVariantGroup;
			children = (
				51F979F5238E0AF6001FF9FB /* Base */,
			);
			name = LaunchScreen.storyboard;
			sourceTree = "<group>";
		};
/* End PBXVariantGroup section */

/* Begin XCBuildConfiguration section */
		51F979F8238E0AF6001FF9FB /* Debug */ = {
			isa = XCBuildConfiguration;
			buildSettings = {
				ALWAYS_SEARCH_USER_PATHS = NO;
				CLANG_ANALYZER_NONNULL = YES;
				CLANG_ANALYZER_NUMBER_OBJECT_CONVERSION = YES_AGGRESSIVE;
				CLANG_CXX_LANGUAGE_STANDARD = "gnu++14";
				CLANG_CXX_LIBRARY = "libc++";
				CLANG_ENABLE_MODULES = YES;
				CLANG_ENABLE_OBJC_ARC = YES;
				CLANG_ENABLE_OBJC_WEAK = YES;
				CLANG_WARN_BLOCK_CAPTURE_AUTORELEASING = YES;
				CLANG_WARN_BOOL_CONVERSION = YES;
				CLANG_WARN_COMMA = YES;
				CLANG_WARN_CONSTANT_CONVERSION = YES;
				CLANG_WARN_DEPRECATED_OBJC_IMPLEMENTATIONS = YES;
				CLANG_WARN_DIRECT_OBJC_ISA_USAGE = YES_ERROR;
				CLANG_WARN_DOCUMENTATION_COMMENTS = YES;
				CLANG_WARN_EMPTY_BODY = YES;
				CLANG_WARN_ENUM_CONVERSION = YES;
				CLANG_WARN_INFINITE_RECURSION = YES;
				CLANG_WARN_INT_CONVERSION = YES;
				CLANG_WARN_NON_LITERAL_NULL_CONVERSION = YES;
				CLANG_WARN_OBJC_IMPLICIT_RETAIN_SELF = YES;
				CLANG_WARN_OBJC_LITERAL_CONVERSION = YES;
				CLANG_WARN_OBJC_ROOT_CLASS = YES_ERROR;
				CLANG_WARN_RANGE_LOOP_ANALYSIS = YES;
				CLANG_WARN_STRICT_PROTOTYPES = YES;
				CLANG_WARN_SUSPICIOUS_MOVE = YES;
				CLANG_WARN_UNGUARDED_AVAILABILITY = YES_AGGRESSIVE;
				CLANG_WARN_UNREACHABLE_CODE = YES;
				CLANG_WARN__DUPLICATE_METHOD_MATCH = YES;
				CODE_SIGN_IDENTITY = "iPhone Developer";
				COPY_PHASE_STRIP = NO;
				DEBUG_INFORMATION_FORMAT = dwarf;
				ENABLE_STRICT_OBJC_MSGSEND = YES;
				ENABLE_TESTABILITY = YES;
				GCC_C_LANGUAGE_STANDARD = gnu11;
				GCC_DYNAMIC_NO_PIC = NO;
				GCC_NO_COMMON_BLOCKS = YES;
				GCC_OPTIMIZATION_LEVEL = 0;
				GCC_PREPROCESSOR_DEFINITIONS = (
					"DEBUG=1",
					"$(inherited)",
				);
				GCC_WARN_64_TO_32_BIT_CONVERSION = YES;
				GCC_WARN_ABOUT_RETURN_TYPE = YES_ERROR;
				GCC_WARN_UNDECLARED_SELECTOR = YES;
				GCC_WARN_UNINITIALIZED_AUTOS = YES_AGGRESSIVE;
				GCC_WARN_UNUSED_FUNCTION = YES;
				GCC_WARN_UNUSED_VARIABLE = YES;
				IPHONEOS_DEPLOYMENT_TARGET = 12.4;
				MTL_ENABLE_DEBUG_INFO = INCLUDE_SOURCE;
				MTL_FAST_MATH = YES;
				ONLY_ACTIVE_ARCH = YES;
				SDKROOT = iphoneos;
				SWIFT_ACTIVE_COMPILATION_CONDITIONS = DEBUG;
				SWIFT_OPTIMIZATION_LEVEL = "-Onone";
			};
			name = Debug;
		};
		51F979F9238E0AF6001FF9FB /* Release */ = {
			isa = XCBuildConfiguration;
			buildSettings = {
				ALWAYS_SEARCH_USER_PATHS = NO;
				CLANG_ANALYZER_NONNULL = YES;
				CLANG_ANALYZER_NUMBER_OBJECT_CONVERSION = YES_AGGRESSIVE;
				CLANG_CXX_LANGUAGE_STANDARD = "gnu++14";
				CLANG_CXX_LIBRARY = "libc++";
				CLANG_ENABLE_MODULES = YES;
				CLANG_ENABLE_OBJC_ARC = YES;
				CLANG_ENABLE_OBJC_WEAK = YES;
				CLANG_WARN_BLOCK_CAPTURE_AUTORELEASING = YES;
				CLANG_WARN_BOOL_CONVERSION = YES;
				CLANG_WARN_COMMA = YES;
				CLANG_WARN_CONSTANT_CONVERSION = YES;
				CLANG_WARN_DEPRECATED_OBJC_IMPLEMENTATIONS = YES;
				CLANG_WARN_DIRECT_OBJC_ISA_USAGE = YES_ERROR;
				CLANG_WARN_DOCUMENTATION_COMMENTS = YES;
				CLANG_WARN_EMPTY_BODY = YES;
				CLANG_WARN_ENUM_CONVERSION = YES;
				CLANG_WARN_INFINITE_RECURSION = YES;
				CLANG_WARN_INT_CONVERSION = YES;
				CLANG_WARN_NON_LITERAL_NULL_CONVERSION = YES;
				CLANG_WARN_OBJC_IMPLICIT_RETAIN_SELF = YES;
				CLANG_WARN_OBJC_LITERAL_CONVERSION = YES;
				CLANG_WARN_OBJC_ROOT_CLASS = YES_ERROR;
				CLANG_WARN_RANGE_LOOP_ANALYSIS = YES;
				CLANG_WARN_STRICT_PROTOTYPES = YES;
				CLANG_WARN_SUSPICIOUS_MOVE = YES;
				CLANG_WARN_UNGUARDED_AVAILABILITY = YES_AGGRESSIVE;
				CLANG_WARN_UNREACHABLE_CODE = YES;
				CLANG_WARN__DUPLICATE_METHOD_MATCH = YES;
				CODE_SIGN_IDENTITY = "iPhone Developer";
				COPY_PHASE_STRIP = NO;
				DEBUG_INFORMATION_FORMAT = "dwarf-with-dsym";
				ENABLE_NS_ASSERTIONS = NO;
				ENABLE_STRICT_OBJC_MSGSEND = YES;
				GCC_C_LANGUAGE_STANDARD = gnu11;
				GCC_NO_COMMON_BLOCKS = YES;
				GCC_WARN_64_TO_32_BIT_CONVERSION = YES;
				GCC_WARN_ABOUT_RETURN_TYPE = YES_ERROR;
				GCC_WARN_UNDECLARED_SELECTOR = YES;
				GCC_WARN_UNINITIALIZED_AUTOS = YES_AGGRESSIVE;
				GCC_WARN_UNUSED_FUNCTION = YES;
				GCC_WARN_UNUSED_VARIABLE = YES;
				IPHONEOS_DEPLOYMENT_TARGET = 12.4;
				MTL_ENABLE_DEBUG_INFO = NO;
				MTL_FAST_MATH = YES;
				SDKROOT = iphoneos;
				SWIFT_COMPILATION_MODE = wholemodule;
				SWIFT_OPTIMIZATION_LEVEL = "-O";
				VALIDATE_PRODUCT = YES;
			};
			name = Release;
		};
		51F979FB238E0AF6001FF9FB /* Debug */ = {
			isa = XCBuildConfiguration;
			buildSettings = {
				ASSETCATALOG_COMPILER_APPICON_NAME = AppIcon;
				CODE_SIGN_STYLE = Automatic;
				INFOPLIST_FILE = "QuizPLS Template/Info.plist";
				LD_RUNPATH_SEARCH_PATHS = (
					"$(inherited)",
					"@executable_path/Frameworks",
				);
				PRODUCT_BUNDLE_IDENTIFIER = "cf.derpydm.QuizPLS-Template";
				PRODUCT_NAME = "$(TARGET_NAME)";
				SWIFT_VERSION = 5.0;
				TARGETED_DEVICE_FAMILY = "1,2";
			};
			name = Debug;
		};
		51F979FC238E0AF6001FF9FB /* Release */ = {
			isa = XCBuildConfiguration;
			buildSettings = {
				ASSETCATALOG_COMPILER_APPICON_NAME = AppIcon;
				CODE_SIGN_STYLE = Automatic;
				INFOPLIST_FILE = "QuizPLS Template/Info.plist";
				LD_RUNPATH_SEARCH_PATHS = (
					"$(inherited)",
					"@executable_path/Frameworks",
				);
				PRODUCT_BUNDLE_IDENTIFIER = "cf.derpydm.QuizPLS-Template";
				PRODUCT_NAME = "$(TARGET_NAME)";
				SWIFT_VERSION = 5.0;
				TARGETED_DEVICE_FAMILY = "1,2";
			};
			name = Release;
		};
/* End XCBuildConfiguration section */

/* Begin XCConfigurationList section */
		51F979E3238E0AF4001FF9FB /* Build configuration list for PBXProject "QuizPLS Template" */ = {
			isa = XCConfigurationList;
			buildConfigurations = (
				51F979F8238E0AF6001FF9FB /* Debug */,
				51F979F9238E0AF6001FF9FB /* Release */,
			);
			defaultConfigurationIsVisible = 0;
			defaultConfigurationName = Release;
		};
		51F979FA238E0AF6001FF9FB /* Build configuration list for PBXNativeTarget "QuizPLS Template" */ = {
			isa = XCConfigurationList;
			buildConfigurations = (
				51F979FB238E0AF6001FF9FB /* Debug */,
				51F979FC238E0AF6001FF9FB /* Release */,
			);
			defaultConfigurationIsVisible = 0;
			defaultConfigurationName = Release;
		};
/* End XCConfigurationList section */
	};
	rootObject = 51F979E0238E0AF4001FF9FB /* Project object */;
}
